
Microsoft Visual Studio Solution File, Format Version 12.00
# Visual Studio 15
VisualStudioVersion = 15.0.26730.16
MinimumVisualStudioVersion = 10.0.40219.1
Project("{FAE04EC0-301F-11D3-BF4B-00C04F79EFBC}") = "LockX", "LockX\LockX.csproj", "{B14722ED-8C72-4335-8739-9932BEFD5E41}"
EndProject
Global
	GlobalSection(SolutionConfigurationPlatforms) = preSolution
		Debug|Any CPU = Debug|Any CPU
		Release|Any CPU = Release|Any CPU
	EndGlobalSection
	GlobalSection(ProjectConfigurationPlatforms) = postSolution
		{B14722ED-8C72-4335-8739-9932BEFD5E41}.Debug|Any CPU.ActiveCfg = Debug|Any CPU
		{B14722ED-8C72-4335-8739-9932BEFD5E41}.Debug|Any CPU.Build.0 = Debug|Any CPU
		{B14722ED-8C72-4335-8739-9932BEFD5E41}.Release|Any CPU.ActiveCfg = Release|Any CPU
		{B14722ED-8C72-4335-8739-9932BEFD5E41}.Release|Any CPU.Build.0 = Release|Any CPU
	EndGlobalSection
	GlobalSection(SolutionProperties) = preSolution
		HideSolutionNode = FALSE
	EndGlobalSection
	GlobalSection(ExtensibilityGlobals) = postSolution
		SolutionGuid = {EA3A157D-E1D6-4873-AEF6-044371F20506}
	EndGlobalSection
EndGlobal
